// !$*UTF8*$!
{
	archiveVersion = 1;
	classes = {
	};
	objectVersion = 52;
	objects = {

/* Begin PBXBuildFile section */
		84176B3124F9DB26005EF341 /* ProfileTableViewCell.swift in Sources */ = {isa = PBXBuildFile; fileRef = 84176B3024F9DB26005EF341 /* ProfileTableViewCell.swift */; };
		84176B3324F9DFCC005EF341 /* UITableView+Registration.swift in Sources */ = {isa = PBXBuildFile; fileRef = 84176B3224F9DFCC005EF341 /* UITableView+Registration.swift */; };
		84176B3524F9E002005EF341 /* ReusableView.swift in Sources */ = {isa = PBXBuildFile; fileRef = 84176B3424F9E002005EF341 /* ReusableView.swift */; };
		84176B3824F9EFB1005EF341 /* ProfileHeaderView.swift in Sources */ = {isa = PBXBuildFile; fileRef = 84176B3724F9EFB1005EF341 /* ProfileHeaderView.swift */; };
		84176B3A24F9EFBC005EF341 /* ProfileFooterView.swift in Sources */ = {isa = PBXBuildFile; fileRef = 84176B3924F9EFBC005EF341 /* ProfileFooterView.swift */; };
		84176B3C24FA1F05005EF341 /* Collection+Subscript.swift in Sources */ = {isa = PBXBuildFile; fileRef = 84176B3B24FA1F05005EF341 /* Collection+Subscript.swift */; };
		84176B3F24FAB001005EF341 /* IQKeyboardManagerSwift in Frameworks */ = {isa = PBXBuildFile; productRef = 84176B3E24FAB001005EF341 /* IQKeyboardManagerSwift */; };
		848E35AC24F855CE00885F09 /* UIView+CommonViewCreation.swift in Sources */ = {isa = PBXBuildFile; fileRef = 848E35AB24F855CE00885F09 /* UIView+CommonViewCreation.swift */; };
		848E35AE24F855FB00885F09 /* AutoLayout+ConvenientHelpers.swift in Sources */ = {isa = PBXBuildFile; fileRef = 848E35AD24F855FB00885F09 /* AutoLayout+ConvenientHelpers.swift */; };
		848E35B024F86A7100885F09 /* UIColor+Theme.swift in Sources */ = {isa = PBXBuildFile; fileRef = 848E35AF24F86A7100885F09 /* UIColor+Theme.swift */; };
		848E35BB24F8845E00885F09 /* UIAlertAction+DefaultActions.swift in Sources */ = {isa = PBXBuildFile; fileRef = 848E35BA24F8845D00885F09 /* UIAlertAction+DefaultActions.swift */; };
		848E35BE24F8848F00885F09 /* AlertPresentable.swift in Sources */ = {isa = PBXBuildFile; fileRef = 848E35BD24F8848F00885F09 /* AlertPresentable.swift */; };
		848E35C124F8860A00885F09 /* LoaderView.swift in Sources */ = {isa = PBXBuildFile; fileRef = 848E35C024F8860A00885F09 /* LoaderView.swift */; };
		84E1227E24F7289200C37C57 /* AppDelegate.swift in Sources */ = {isa = PBXBuildFile; fileRef = 84E1227D24F7289200C37C57 /* AppDelegate.swift */; };
		84E1228024F7289200C37C57 /* SceneDelegate.swift in Sources */ = {isa = PBXBuildFile; fileRef = 84E1227F24F7289200C37C57 /* SceneDelegate.swift */; };
		84E1228224F7289200C37C57 /* ProfileViewController.swift in Sources */ = {isa = PBXBuildFile; fileRef = 84E1228124F7289200C37C57 /* ProfileViewController.swift */; };
		84E1228724F7289500C37C57 /* Assets.xcassets in Resources */ = {isa = PBXBuildFile; fileRef = 84E1228624F7289500C37C57 /* Assets.xcassets */; };
		84E1228A24F7289500C37C57 /* LaunchScreen.storyboard in Resources */ = {isa = PBXBuildFile; fileRef = 84E1228824F7289500C37C57 /* LaunchScreen.storyboard */; };
		84E1229524F7289500C37C57 /* Code_Challange_MykhailoTests.swift in Sources */ = {isa = PBXBuildFile; fileRef = 84E1229424F7289500C37C57 /* Code_Challange_MykhailoTests.swift */; };
		84E122A024F7289500C37C57 /* Code_Challange_MykhailoUITests.swift in Sources */ = {isa = PBXBuildFile; fileRef = 84E1229F24F7289500C37C57 /* Code_Challange_MykhailoUITests.swift */; };
		84E122B124F72A9800C37C57 /* ProfileMVPTemplate.swift in Sources */ = {isa = PBXBuildFile; fileRef = 84E122B024F72A9800C37C57 /* ProfileMVPTemplate.swift */; };
		84E122B324F72ADB00C37C57 /* ProfilePresenter.swift in Sources */ = {isa = PBXBuildFile; fileRef = 84E122B224F72ADB00C37C57 /* ProfilePresenter.swift */; };
		84E122B624F72EA500C37C57 /* Profile.swift in Sources */ = {isa = PBXBuildFile; fileRef = 84E122B524F72EA500C37C57 /* Profile.swift */; };
		84E122BA24F72F2300C37C57 /* String+Enhancements.swift in Sources */ = {isa = PBXBuildFile; fileRef = 84E122B924F72F2300C37C57 /* String+Enhancements.swift */; };
		84E122BE24F7326500C37C57 /* NetworkSessionManager.swift in Sources */ = {isa = PBXBuildFile; fileRef = 84E122BD24F7326500C37C57 /* NetworkSessionManager.swift */; };
		84E122C024F7327200C37C57 /* APIRequest.swift in Sources */ = {isa = PBXBuildFile; fileRef = 84E122BF24F7327200C37C57 /* APIRequest.swift */; };
		84E122C224F7327B00C37C57 /* APIClient.swift in Sources */ = {isa = PBXBuildFile; fileRef = 84E122C124F7327B00C37C57 /* APIClient.swift */; };
		84E122C424F7328500C37C57 /* APIError.swift in Sources */ = {isa = PBXBuildFile; fileRef = 84E122C324F7328500C37C57 /* APIError.swift */; };
		84E122C624F7328D00C37C57 /* APIParser.swift in Sources */ = {isa = PBXBuildFile; fileRef = 84E122C524F7328D00C37C57 /* APIParser.swift */; };
		84E122C824F7329600C37C57 /* APIResponse.swift in Sources */ = {isa = PBXBuildFile; fileRef = 84E122C724F7329600C37C57 /* APIResponse.swift */; };
		84E122CA24F7372D00C37C57 /* APIResult.swift in Sources */ = {isa = PBXBuildFile; fileRef = 84E122C924F7372D00C37C57 /* APIResult.swift */; };
		84E122CD24F73A3C00C37C57 /* GetProfileCall.swift in Sources */ = {isa = PBXBuildFile; fileRef = 84E122CC24F73A3C00C37C57 /* GetProfileCall.swift */; };
		84E122CF24F73B3C00C37C57 /* LoadingInfo.swift in Sources */ = {isa = PBXBuildFile; fileRef = 84E122CE24F73B3C00C37C57 /* LoadingInfo.swift */; };
		84E122D124F73D4800C37C57 /* UpdateProfileCall.swift in Sources */ = {isa = PBXBuildFile; fileRef = 84E122D024F73D4800C37C57 /* UpdateProfileCall.swift */; };
		84E122D324F73D6100C37C57 /* UpdatePasswordCall.swift in Sources */ = {isa = PBXBuildFile; fileRef = 84E122D224F73D6100C37C57 /* UpdatePasswordCall.swift */; };
/* End PBXBuildFile section */

/* Begin PBXContainerItemProxy section */
		84E1229124F7289500C37C57 /* PBXContainerItemProxy */ = {
			isa = PBXContainerItemProxy;
			containerPortal = 84E1227224F7289200C37C57 /* Project object */;
			proxyType = 1;
			remoteGlobalIDString = 84E1227924F7289200C37C57;
			remoteInfo = "Code-Challange-Mykhailo";
		};
		84E1229C24F7289500C37C57 /* PBXContainerItemProxy */ = {
			isa = PBXContainerItemProxy;
			containerPortal = 84E1227224F7289200C37C57 /* Project object */;
			proxyType = 1;
			remoteGlobalIDString = 84E1227924F7289200C37C57;
			remoteInfo = "Code-Challange-Mykhailo";
		};
/* End PBXContainerItemProxy section */

/* Begin PBXFileReference section */
		84176B3024F9DB26005EF341 /* ProfileTableViewCell.swift */ = {isa = PBXFileReference; lastKnownFileType = sourcecode.swift; path = ProfileTableViewCell.swift; sourceTree = "<group>"; };
		84176B3224F9DFCC005EF341 /* UITableView+Registration.swift */ = {isa = PBXFileReference; lastKnownFileType = sourcecode.swift; path = "UITableView+Registration.swift"; sourceTree = "<group>"; };
		84176B3424F9E002005EF341 /* ReusableView.swift */ = {isa = PBXFileReference; lastKnownFileType = sourcecode.swift; path = ReusableView.swift; sourceTree = "<group>"; };
		84176B3724F9EFB1005EF341 /* ProfileHeaderView.swift */ = {isa = PBXFileReference; lastKnownFileType = sourcecode.swift; path = ProfileHeaderView.swift; sourceTree = "<group>"; };
		84176B3924F9EFBC005EF341 /* ProfileFooterView.swift */ = {isa = PBXFileReference; lastKnownFileType = sourcecode.swift; path = ProfileFooterView.swift; sourceTree = "<group>"; };
		84176B3B24FA1F05005EF341 /* Collection+Subscript.swift */ = {isa = PBXFileReference; lastKnownFileType = sourcecode.swift; path = "Collection+Subscript.swift"; sourceTree = "<group>"; };
		848E35AB24F855CE00885F09 /* UIView+CommonViewCreation.swift */ = {isa = PBXFileReference; lastKnownFileType = sourcecode.swift; path = "UIView+CommonViewCreation.swift"; sourceTree = "<group>"; };
		848E35AD24F855FB00885F09 /* AutoLayout+ConvenientHelpers.swift */ = {isa = PBXFileReference; lastKnownFileType = sourcecode.swift; path = "AutoLayout+ConvenientHelpers.swift"; sourceTree = "<group>"; };
		848E35AF24F86A7100885F09 /* UIColor+Theme.swift */ = {isa = PBXFileReference; lastKnownFileType = sourcecode.swift; path = "UIColor+Theme.swift"; sourceTree = "<group>"; };
		848E35BA24F8845D00885F09 /* UIAlertAction+DefaultActions.swift */ = {isa = PBXFileReference; lastKnownFileType = sourcecode.swift; path = "UIAlertAction+DefaultActions.swift"; sourceTree = "<group>"; };
		848E35BD24F8848F00885F09 /* AlertPresentable.swift */ = {isa = PBXFileReference; lastKnownFileType = sourcecode.swift; path = AlertPresentable.swift; sourceTree = "<group>"; };
		848E35C024F8860A00885F09 /* LoaderView.swift */ = {isa = PBXFileReference; lastKnownFileType = sourcecode.swift; path = LoaderView.swift; sourceTree = "<group>"; };
		84E1227A24F7289200C37C57 /* Code-Challange-Mykhailo.app */ = {isa = PBXFileReference; explicitFileType = wrapper.application; includeInIndex = 0; path = "Code-Challange-Mykhailo.app"; sourceTree = BUILT_PRODUCTS_DIR; };
		84E1227D24F7289200C37C57 /* AppDelegate.swift */ = {isa = PBXFileReference; lastKnownFileType = sourcecode.swift; path = AppDelegate.swift; sourceTree = "<group>"; };
		84E1227F24F7289200C37C57 /* SceneDelegate.swift */ = {isa = PBXFileReference; lastKnownFileType = sourcecode.swift; path = SceneDelegate.swift; sourceTree = "<group>"; };
		84E1228124F7289200C37C57 /* ProfileViewController.swift */ = {isa = PBXFileReference; lastKnownFileType = sourcecode.swift; path = ProfileViewController.swift; sourceTree = "<group>"; };
		84E1228624F7289500C37C57 /* Assets.xcassets */ = {isa = PBXFileReference; lastKnownFileType = folder.assetcatalog; path = Assets.xcassets; sourceTree = "<group>"; };
		84E1228924F7289500C37C57 /* Base */ = {isa = PBXFileReference; lastKnownFileType = file.storyboard; name = Base; path = Base.lproj/LaunchScreen.storyboard; sourceTree = "<group>"; };
		84E1228B24F7289500C37C57 /* Info.plist */ = {isa = PBXFileReference; lastKnownFileType = text.plist.xml; path = Info.plist; sourceTree = "<group>"; };
		84E1229024F7289500C37C57 /* Code-Challange-MykhailoTests.xctest */ = {isa = PBXFileReference; explicitFileType = wrapper.cfbundle; includeInIndex = 0; path = "Code-Challange-MykhailoTests.xctest"; sourceTree = BUILT_PRODUCTS_DIR; };
		84E1229424F7289500C37C57 /* Code_Challange_MykhailoTests.swift */ = {isa = PBXFileReference; lastKnownFileType = sourcecode.swift; path = Code_Challange_MykhailoTests.swift; sourceTree = "<group>"; };
		84E1229624F7289500C37C57 /* Info.plist */ = {isa = PBXFileReference; lastKnownFileType = text.plist.xml; path = Info.plist; sourceTree = "<group>"; };
		84E1229B24F7289500C37C57 /* Code-Challange-MykhailoUITests.xctest */ = {isa = PBXFileReference; explicitFileType = wrapper.cfbundle; includeInIndex = 0; path = "Code-Challange-MykhailoUITests.xctest"; sourceTree = BUILT_PRODUCTS_DIR; };
		84E1229F24F7289500C37C57 /* Code_Challange_MykhailoUITests.swift */ = {isa = PBXFileReference; lastKnownFileType = sourcecode.swift; path = Code_Challange_MykhailoUITests.swift; sourceTree = "<group>"; };
		84E122A124F7289500C37C57 /* Info.plist */ = {isa = PBXFileReference; lastKnownFileType = text.plist.xml; path = Info.plist; sourceTree = "<group>"; };
		84E122B024F72A9800C37C57 /* ProfileMVPTemplate.swift */ = {isa = PBXFileReference; lastKnownFileType = sourcecode.swift; path = ProfileMVPTemplate.swift; sourceTree = "<group>"; };
		84E122B224F72ADB00C37C57 /* ProfilePresenter.swift */ = {isa = PBXFileReference; lastKnownFileType = sourcecode.swift; path = ProfilePresenter.swift; sourceTree = "<group>"; };
		84E122B524F72EA500C37C57 /* Profile.swift */ = {isa = PBXFileReference; lastKnownFileType = sourcecode.swift; path = Profile.swift; sourceTree = "<group>"; };
		84E122B924F72F2300C37C57 /* String+Enhancements.swift */ = {isa = PBXFileReference; lastKnownFileType = sourcecode.swift; path = "String+Enhancements.swift"; sourceTree = "<group>"; };
		84E122BD24F7326500C37C57 /* NetworkSessionManager.swift */ = {isa = PBXFileReference; lastKnownFileType = sourcecode.swift; path = NetworkSessionManager.swift; sourceTree = "<group>"; };
		84E122BF24F7327200C37C57 /* APIRequest.swift */ = {isa = PBXFileReference; lastKnownFileType = sourcecode.swift; path = APIRequest.swift; sourceTree = "<group>"; };
		84E122C124F7327B00C37C57 /* APIClient.swift */ = {isa = PBXFileReference; lastKnownFileType = sourcecode.swift; path = APIClient.swift; sourceTree = "<group>"; };
		84E122C324F7328500C37C57 /* APIError.swift */ = {isa = PBXFileReference; lastKnownFileType = sourcecode.swift; path = APIError.swift; sourceTree = "<group>"; };
		84E122C524F7328D00C37C57 /* APIParser.swift */ = {isa = PBXFileReference; lastKnownFileType = sourcecode.swift; path = APIParser.swift; sourceTree = "<group>"; };
		84E122C724F7329600C37C57 /* APIResponse.swift */ = {isa = PBXFileReference; lastKnownFileType = sourcecode.swift; path = APIResponse.swift; sourceTree = "<group>"; };
		84E122C924F7372D00C37C57 /* APIResult.swift */ = {isa = PBXFileReference; lastKnownFileType = sourcecode.swift; path = APIResult.swift; sourceTree = "<group>"; };
		84E122CC24F73A3C00C37C57 /* GetProfileCall.swift */ = {isa = PBXFileReference; lastKnownFileType = sourcecode.swift; path = GetProfileCall.swift; sourceTree = "<group>"; };
		84E122CE24F73B3C00C37C57 /* LoadingInfo.swift */ = {isa = PBXFileReference; lastKnownFileType = sourcecode.swift; path = LoadingInfo.swift; sourceTree = "<group>"; };
		84E122D024F73D4800C37C57 /* UpdateProfileCall.swift */ = {isa = PBXFileReference; lastKnownFileType = sourcecode.swift; path = UpdateProfileCall.swift; sourceTree = "<group>"; };
		84E122D224F73D6100C37C57 /* UpdatePasswordCall.swift */ = {isa = PBXFileReference; lastKnownFileType = sourcecode.swift; path = UpdatePasswordCall.swift; sourceTree = "<group>"; };
/* End PBXFileReference section */

/* Begin PBXFrameworksBuildPhase section */
		84E1227724F7289200C37C57 /* Frameworks */ = {
			isa = PBXFrameworksBuildPhase;
			buildActionMask = 2147483647;
			files = (
				84176B3F24FAB001005EF341 /* IQKeyboardManagerSwift in Frameworks */,
			);
			runOnlyForDeploymentPostprocessing = 0;
		};
		84E1228D24F7289500C37C57 /* Frameworks */ = {
			isa = PBXFrameworksBuildPhase;
			buildActionMask = 2147483647;
			files = (
			);
			runOnlyForDeploymentPostprocessing = 0;
		};
		84E1229824F7289500C37C57 /* Frameworks */ = {
			isa = PBXFrameworksBuildPhase;
			buildActionMask = 2147483647;
			files = (
			);
			runOnlyForDeploymentPostprocessing = 0;
		};
/* End PBXFrameworksBuildPhase section */

/* Begin PBXGroup section */
		84176B2F24F9D983005EF341 /* Cells */ = {
			isa = PBXGroup;
			children = (
				84176B3024F9DB26005EF341 /* ProfileTableViewCell.swift */,
			);
			path = Cells;
			sourceTree = "<group>";
		};
		84176B3624F9EF71005EF341 /* SupplementaryViews */ = {
			isa = PBXGroup;
			children = (
				84176B3724F9EFB1005EF341 /* ProfileHeaderView.swift */,
				84176B3924F9EFBC005EF341 /* ProfileFooterView.swift */,
			);
			path = SupplementaryViews;
			sourceTree = "<group>";
		};
		848E35BC24F8848800885F09 /* Protocols */ = {
			isa = PBXGroup;
			children = (
				84176B3424F9E002005EF341 /* ReusableView.swift */,
				848E35BD24F8848F00885F09 /* AlertPresentable.swift */,
			);
			path = Protocols;
			sourceTree = "<group>";
		};
		848E35BF24F885EB00885F09 /* Views */ = {
			isa = PBXGroup;
			children = (
				84176B3624F9EF71005EF341 /* SupplementaryViews */,
				84176B2F24F9D983005EF341 /* Cells */,
				848E35C024F8860A00885F09 /* LoaderView.swift */,
			);
			path = Views;
			sourceTree = "<group>";
		};
		84E1227124F7289200C37C57 = {
			isa = PBXGroup;
			children = (
				84E1227C24F7289200C37C57 /* Code-Challange-Mykhailo */,
				84E1229324F7289500C37C57 /* Code-Challange-MykhailoTests */,
				84E1229E24F7289500C37C57 /* Code-Challange-MykhailoUITests */,
				84E1227B24F7289200C37C57 /* Products */,
			);
			sourceTree = "<group>";
		};
		84E1227B24F7289200C37C57 /* Products */ = {
			isa = PBXGroup;
			children = (
				84E1227A24F7289200C37C57 /* Code-Challange-Mykhailo.app */,
				84E1229024F7289500C37C57 /* Code-Challange-MykhailoTests.xctest */,
				84E1229B24F7289500C37C57 /* Code-Challange-MykhailoUITests.xctest */,
			);
			name = Products;
			sourceTree = "<group>";
		};
		84E1227C24F7289200C37C57 /* Code-Challange-Mykhailo */ = {
			isa = PBXGroup;
			children = (
				84E1227D24F7289200C37C57 /* AppDelegate.swift */,
				84E1227F24F7289200C37C57 /* SceneDelegate.swift */,
				84E122AF24F72A2800C37C57 /* Profile */,
				84E122B724F72ECE00C37C57 /* Shared */,
				84E122B824F72F0600C37C57 /* Extensions */,
				84E1228624F7289500C37C57 /* Assets.xcassets */,
				84E1228824F7289500C37C57 /* LaunchScreen.storyboard */,
				84E1228B24F7289500C37C57 /* Info.plist */,
			);
			path = "Code-Challange-Mykhailo";
			sourceTree = "<group>";
		};
		84E1229324F7289500C37C57 /* Code-Challange-MykhailoTests */ = {
			isa = PBXGroup;
			children = (
				84E1229424F7289500C37C57 /* Code_Challange_MykhailoTests.swift */,
				84E1229624F7289500C37C57 /* Info.plist */,
			);
			path = "Code-Challange-MykhailoTests";
			sourceTree = "<group>";
		};
		84E1229E24F7289500C37C57 /* Code-Challange-MykhailoUITests */ = {
			isa = PBXGroup;
			children = (
				84E1229F24F7289500C37C57 /* Code_Challange_MykhailoUITests.swift */,
				84E122A124F7289500C37C57 /* Info.plist */,
			);
			path = "Code-Challange-MykhailoUITests";
			sourceTree = "<group>";
		};
		84E122AF24F72A2800C37C57 /* Profile */ = {
			isa = PBXGroup;
			children = (
				84E1228124F7289200C37C57 /* ProfileViewController.swift */,
				84E122B024F72A9800C37C57 /* ProfileMVPTemplate.swift */,
				84E122B224F72ADB00C37C57 /* ProfilePresenter.swift */,
				84E122B424F72E8400C37C57 /* Models */,
				84E122CB24F739F000C37C57 /* Calls */,
			);
			path = Profile;
			sourceTree = "<group>";
		};
		84E122B424F72E8400C37C57 /* Models */ = {
			isa = PBXGroup;
			children = (
				84E122B524F72EA500C37C57 /* Profile.swift */,
			);
			path = Models;
			sourceTree = "<group>";
		};
		84E122B724F72ECE00C37C57 /* Shared */ = {
			isa = PBXGroup;
			children = (
				84E122CE24F73B3C00C37C57 /* LoadingInfo.swift */,
				84E122BC24F7324800C37C57 /* Network */,
				848E35BF24F885EB00885F09 /* Views */,
				84E122BB24F72F7B00C37C57 /* Models */,
				848E35BC24F8848800885F09 /* Protocols */,
			);
			path = Shared;
			sourceTree = "<group>";
		};
		84E122B824F72F0600C37C57 /* Extensions */ = {
			isa = PBXGroup;
			children = (
				84E122B924F72F2300C37C57 /* String+Enhancements.swift */,
				848E35AB24F855CE00885F09 /* UIView+CommonViewCreation.swift */,
				848E35AD24F855FB00885F09 /* AutoLayout+ConvenientHelpers.swift */,
				848E35AF24F86A7100885F09 /* UIColor+Theme.swift */,
				848E35BA24F8845D00885F09 /* UIAlertAction+DefaultActions.swift */,
				84176B3224F9DFCC005EF341 /* UITableView+Registration.swift */,
				84176B3B24FA1F05005EF341 /* Collection+Subscript.swift */,
			);
			path = Extensions;
			sourceTree = "<group>";
		};
		84E122BB24F72F7B00C37C57 /* Models */ = {
			isa = PBXGroup;
			children = (
				84E122C924F7372D00C37C57 /* APIResult.swift */,
			);
			path = Models;
			sourceTree = "<group>";
		};
		84E122BC24F7324800C37C57 /* Network */ = {
			isa = PBXGroup;
			children = (
				84E122BD24F7326500C37C57 /* NetworkSessionManager.swift */,
				84E122BF24F7327200C37C57 /* APIRequest.swift */,
				84E122C124F7327B00C37C57 /* APIClient.swift */,
				84E122C324F7328500C37C57 /* APIError.swift */,
				84E122C524F7328D00C37C57 /* APIParser.swift */,
				84E122C724F7329600C37C57 /* APIResponse.swift */,
			);
			path = Network;
			sourceTree = "<group>";
		};
		84E122CB24F739F000C37C57 /* Calls */ = {
			isa = PBXGroup;
			children = (
				84E122CC24F73A3C00C37C57 /* GetProfileCall.swift */,
				84E122D024F73D4800C37C57 /* UpdateProfileCall.swift */,
				84E122D224F73D6100C37C57 /* UpdatePasswordCall.swift */,
			);
			path = Calls;
			sourceTree = "<group>";
		};
/* End PBXGroup section */

/* Begin PBXNativeTarget section */
		84E1227924F7289200C37C57 /* Code-Challange-Mykhailo */ = {
			isa = PBXNativeTarget;
			buildConfigurationList = 84E122A424F7289500C37C57 /* Build configuration list for PBXNativeTarget "Code-Challange-Mykhailo" */;
			buildPhases = (
				84E1227624F7289200C37C57 /* Sources */,
				84E1227724F7289200C37C57 /* Frameworks */,
				84E1227824F7289200C37C57 /* Resources */,
			);
			buildRules = (
			);
			dependencies = (
			);
			name = "Code-Challange-Mykhailo";
			packageProductDependencies = (
				84176B3E24FAB001005EF341 /* IQKeyboardManagerSwift */,
			);
			productName = "Code-Challange-Mykhailo";
			productReference = 84E1227A24F7289200C37C57 /* Code-Challange-Mykhailo.app */;
			productType = "com.apple.product-type.application";
		};
		84E1228F24F7289500C37C57 /* Code-Challange-MykhailoTests */ = {
			isa = PBXNativeTarget;
			buildConfigurationList = 84E122A724F7289500C37C57 /* Build configuration list for PBXNativeTarget "Code-Challange-MykhailoTests" */;
			buildPhases = (
				84E1228C24F7289500C37C57 /* Sources */,
				84E1228D24F7289500C37C57 /* Frameworks */,
				84E1228E24F7289500C37C57 /* Resources */,
			);
			buildRules = (
			);
			dependencies = (
				84E1229224F7289500C37C57 /* PBXTargetDependency */,
			);
			name = "Code-Challange-MykhailoTests";
			productName = "Code-Challange-MykhailoTests";
			productReference = 84E1229024F7289500C37C57 /* Code-Challange-MykhailoTests.xctest */;
			productType = "com.apple.product-type.bundle.unit-test";
		};
		84E1229A24F7289500C37C57 /* Code-Challange-MykhailoUITests */ = {
			isa = PBXNativeTarget;
			buildConfigurationList = 84E122AA24F7289500C37C57 /* Build configuration list for PBXNativeTarget "Code-Challange-MykhailoUITests" */;
			buildPhases = (
				84E1229724F7289500C37C57 /* Sources */,
				84E1229824F7289500C37C57 /* Frameworks */,
				84E1229924F7289500C37C57 /* Resources */,
			);
			buildRules = (
			);
			dependencies = (
				84E1229D24F7289500C37C57 /* PBXTargetDependency */,
			);
			name = "Code-Challange-MykhailoUITests";
			productName = "Code-Challange-MykhailoUITests";
			productReference = 84E1229B24F7289500C37C57 /* Code-Challange-MykhailoUITests.xctest */;
			productType = "com.apple.product-type.bundle.ui-testing";
		};
/* End PBXNativeTarget section */

/* Begin PBXProject section */
		84E1227224F7289200C37C57 /* Project object */ = {
			isa = PBXProject;
			attributes = {
				LastSwiftUpdateCheck = 1160;
				LastUpgradeCheck = 1160;
				ORGANIZATIONNAME = "Mykhailo Herasimov";
				TargetAttributes = {
					84E1227924F7289200C37C57 = {
						CreatedOnToolsVersion = 11.6;
					};
					84E1228F24F7289500C37C57 = {
						CreatedOnToolsVersion = 11.6;
						TestTargetID = 84E1227924F7289200C37C57;
					};
					84E1229A24F7289500C37C57 = {
						CreatedOnToolsVersion = 11.6;
						TestTargetID = 84E1227924F7289200C37C57;
					};
				};
			};
			buildConfigurationList = 84E1227524F7289200C37C57 /* Build configuration list for PBXProject "Code-Challange-Mykhailo" */;
			compatibilityVersion = "Xcode 9.3";
			developmentRegion = en;
			hasScannedForEncodings = 0;
			knownRegions = (
				en,
				Base,
			);
			mainGroup = 84E1227124F7289200C37C57;
			packageReferences = (
				84176B3D24FAB001005EF341 /* XCRemoteSwiftPackageReference "IQKeyboardManager" */,
			);
			productRefGroup = 84E1227B24F7289200C37C57 /* Products */;
			projectDirPath = "";
			projectRoot = "";
			targets = (
				84E1227924F7289200C37C57 /* Code-Challange-Mykhailo */,
				84E1228F24F7289500C37C57 /* Code-Challange-MykhailoTests */,
				84E1229A24F7289500C37C57 /* Code-Challange-MykhailoUITests */,
			);
		};
/* End PBXProject section */

/* Begin PBXResourcesBuildPhase section */
		84E1227824F7289200C37C57 /* Resources */ = {
			isa = PBXResourcesBuildPhase;
			buildActionMask = 2147483647;
			files = (
				84E1228A24F7289500C37C57 /* LaunchScreen.storyboard in Resources */,
				84E1228724F7289500C37C57 /* Assets.xcassets in Resources */,
			);
			runOnlyForDeploymentPostprocessing = 0;
		};
		84E1228E24F7289500C37C57 /* Resources */ = {
			isa = PBXResourcesBuildPhase;
			buildActionMask = 2147483647;
			files = (
			);
			runOnlyForDeploymentPostprocessing = 0;
		};
		84E1229924F7289500C37C57 /* Resources */ = {
			isa = PBXResourcesBuildPhase;
			buildActionMask = 2147483647;
			files = (
			);
			runOnlyForDeploymentPostprocessing = 0;
		};
/* End PBXResourcesBuildPhase section */

/* Begin PBXSourcesBuildPhase section */
		84E1227624F7289200C37C57 /* Sources */ = {
			isa = PBXSourcesBuildPhase;
			buildActionMask = 2147483647;
			files = (
				84E1228224F7289200C37C57 /* ProfileViewController.swift in Sources */,
				84176B3124F9DB26005EF341 /* ProfileTableViewCell.swift in Sources */,
				84E122C624F7328D00C37C57 /* APIParser.swift in Sources */,
				84176B3524F9E002005EF341 /* ReusableView.swift in Sources */,
				84E122B624F72EA500C37C57 /* Profile.swift in Sources */,
				848E35BE24F8848F00885F09 /* AlertPresentable.swift in Sources */,
				84E1227E24F7289200C37C57 /* AppDelegate.swift in Sources */,
				84176B3C24FA1F05005EF341 /* Collection+Subscript.swift in Sources */,
				848E35AC24F855CE00885F09 /* UIView+CommonViewCreation.swift in Sources */,
				84176B3824F9EFB1005EF341 /* ProfileHeaderView.swift in Sources */,
				84E122C224F7327B00C37C57 /* APIClient.swift in Sources */,
				84E122CA24F7372D00C37C57 /* APIResult.swift in Sources */,
				84E122BA24F72F2300C37C57 /* String+Enhancements.swift in Sources */,
				84176B3A24F9EFBC005EF341 /* ProfileFooterView.swift in Sources */,
				84E122D324F73D6100C37C57 /* UpdatePasswordCall.swift in Sources */,
				84E1228024F7289200C37C57 /* SceneDelegate.swift in Sources */,
				84E122C824F7329600C37C57 /* APIResponse.swift in Sources */,
				84E122B324F72ADB00C37C57 /* ProfilePresenter.swift in Sources */,
				848E35B024F86A7100885F09 /* UIColor+Theme.swift in Sources */,
				84E122B124F72A9800C37C57 /* ProfileMVPTemplate.swift in Sources */,
				848E35C124F8860A00885F09 /* LoaderView.swift in Sources */,
				84E122C024F7327200C37C57 /* APIRequest.swift in Sources */,
				84E122CF24F73B3C00C37C57 /* LoadingInfo.swift in Sources */,
				848E35BB24F8845E00885F09 /* UIAlertAction+DefaultActions.swift in Sources */,
				84E122BE24F7326500C37C57 /* NetworkSessionManager.swift in Sources */,
				84176B3324F9DFCC005EF341 /* UITableView+Registration.swift in Sources */,
				84E122C424F7328500C37C57 /* APIError.swift in Sources */,
				84E122CD24F73A3C00C37C57 /* GetProfileCall.swift in Sources */,
				84E122D124F73D4800C37C57 /* UpdateProfileCall.swift in Sources */,
				848E35AE24F855FB00885F09 /* AutoLayout+ConvenientHelpers.swift in Sources */,
			);
			runOnlyForDeploymentPostprocessing = 0;
		};
		84E1228C24F7289500C37C57 /* Sources */ = {
			isa = PBXSourcesBuildPhase;
			buildActionMask = 2147483647;
			files = (
				84E1229524F7289500C37C57 /* Code_Challange_MykhailoTests.swift in Sources */,
			);
			runOnlyForDeploymentPostprocessing = 0;
		};
		84E1229724F7289500C37C57 /* Sources */ = {
			isa = PBXSourcesBuildPhase;
			buildActionMask = 2147483647;
			files = (
				84E122A024F7289500C37C57 /* Code_Challange_MykhailoUITests.swift in Sources */,
			);
			runOnlyForDeploymentPostprocessing = 0;
		};
/* End PBXSourcesBuildPhase section */

/* Begin PBXTargetDependency section */
		84E1229224F7289500C37C57 /* PBXTargetDependency */ = {
			isa = PBXTargetDependency;
			target = 84E1227924F7289200C37C57 /* Code-Challange-Mykhailo */;
			targetProxy = 84E1229124F7289500C37C57 /* PBXContainerItemProxy */;
		};
		84E1229D24F7289500C37C57 /* PBXTargetDependency */ = {
			isa = PBXTargetDependency;
			target = 84E1227924F7289200C37C57 /* Code-Challange-Mykhailo */;
			targetProxy = 84E1229C24F7289500C37C57 /* PBXContainerItemProxy */;
		};
/* End PBXTargetDependency section */

/* Begin PBXVariantGroup section */
		84E1228824F7289500C37C57 /* LaunchScreen.storyboard */ = {
			isa = PBXVariantGroup;
			children = (
				84E1228924F7289500C37C57 /* Base */,
			);
			name = LaunchScreen.storyboard;
			sourceTree = "<group>";
		};
/* End PBXVariantGroup section */

/* Begin XCBuildConfiguration section */
		84E122A224F7289500C37C57 /* Debug */ = {
			isa = XCBuildConfiguration;
			buildSettings = {
				ALWAYS_SEARCH_USER_PATHS = NO;
				CLANG_ANALYZER_NONNULL = YES;
				CLANG_ANALYZER_NUMBER_OBJECT_CONVERSION = YES_AGGRESSIVE;
				CLANG_CXX_LANGUAGE_STANDARD = "gnu++14";
				CLANG_CXX_LIBRARY = "libc++";
				CLANG_ENABLE_MODULES = YES;
				CLANG_ENABLE_OBJC_ARC = YES;
				CLANG_ENABLE_OBJC_WEAK = YES;
				CLANG_WARN_BLOCK_CAPTURE_AUTORELEASING = YES;
				CLANG_WARN_BOOL_CONVERSION = YES;
				CLANG_WARN_COMMA = YES;
				CLANG_WARN_CONSTANT_CONVERSION = YES;
				CLANG_WARN_DEPRECATED_OBJC_IMPLEMENTATIONS = YES;
				CLANG_WARN_DIRECT_OBJC_ISA_USAGE = YES_ERROR;
				CLANG_WARN_DOCUMENTATION_COMMENTS = YES;
				CLANG_WARN_EMPTY_BODY = YES;
				CLANG_WARN_ENUM_CONVERSION = YES;
				CLANG_WARN_INFINITE_RECURSION = YES;
				CLANG_WARN_INT_CONVERSION = YES;
				CLANG_WARN_NON_LITERAL_NULL_CONVERSION = YES;
				CLANG_WARN_OBJC_IMPLICIT_RETAIN_SELF = YES;
				CLANG_WARN_OBJC_LITERAL_CONVERSION = YES;
				CLANG_WARN_OBJC_ROOT_CLASS = YES_ERROR;
				CLANG_WARN_RANGE_LOOP_ANALYSIS = YES;
				CLANG_WARN_STRICT_PROTOTYPES = YES;
				CLANG_WARN_SUSPICIOUS_MOVE = YES;
				CLANG_WARN_UNGUARDED_AVAILABILITY = YES_AGGRESSIVE;
				CLANG_WARN_UNREACHABLE_CODE = YES;
				CLANG_WARN__DUPLICATE_METHOD_MATCH = YES;
				COPY_PHASE_STRIP = NO;
				DEBUG_INFORMATION_FORMAT = dwarf;
				ENABLE_STRICT_OBJC_MSGSEND = YES;
				ENABLE_TESTABILITY = YES;
				GCC_C_LANGUAGE_STANDARD = gnu11;
				GCC_DYNAMIC_NO_PIC = NO;
				GCC_NO_COMMON_BLOCKS = YES;
				GCC_OPTIMIZATION_LEVEL = 0;
				GCC_PREPROCESSOR_DEFINITIONS = (
					"DEBUG=1",
					"$(inherited)",
				);
				GCC_WARN_64_TO_32_BIT_CONVERSION = YES;
				GCC_WARN_ABOUT_RETURN_TYPE = YES_ERROR;
				GCC_WARN_UNDECLARED_SELECTOR = YES;
				GCC_WARN_UNINITIALIZED_AUTOS = YES_AGGRESSIVE;
				GCC_WARN_UNUSED_FUNCTION = YES;
				GCC_WARN_UNUSED_VARIABLE = YES;
				IPHONEOS_DEPLOYMENT_TARGET = 13.6;
				MTL_ENABLE_DEBUG_INFO = INCLUDE_SOURCE;
				MTL_FAST_MATH = YES;
				ONLY_ACTIVE_ARCH = YES;
				SDKROOT = iphoneos;
				SWIFT_ACTIVE_COMPILATION_CONDITIONS = DEBUG;
				SWIFT_OPTIMIZATION_LEVEL = "-Onone";
			};
			name = Debug;
		};
		84E122A324F7289500C37C57 /* Release */ = {
			isa = XCBuildConfiguration;
			buildSettings = {
				ALWAYS_SEARCH_USER_PATHS = NO;
				CLANG_ANALYZER_NONNULL = YES;
				CLANG_ANALYZER_NUMBER_OBJECT_CONVERSION = YES_AGGRESSIVE;
				CLANG_CXX_LANGUAGE_STANDARD = "gnu++14";
				CLANG_CXX_LIBRARY = "libc++";
				CLANG_ENABLE_MODULES = YES;
				CLANG_ENABLE_OBJC_ARC = YES;
				CLANG_ENABLE_OBJC_WEAK = YES;
				CLANG_WARN_BLOCK_CAPTURE_AUTORELEASING = YES;
				CLANG_WARN_BOOL_CONVERSION = YES;
				CLANG_WARN_COMMA = YES;
				CLANG_WARN_CONSTANT_CONVERSION = YES;
				CLANG_WARN_DEPRECATED_OBJC_IMPLEMENTATIONS = YES;
				CLANG_WARN_DIRECT_OBJC_ISA_USAGE = YES_ERROR;
				CLANG_WARN_DOCUMENTATION_COMMENTS = YES;
				CLANG_WARN_EMPTY_BODY = YES;
				CLANG_WARN_ENUM_CONVERSION = YES;
				CLANG_WARN_INFINITE_RECURSION = YES;
				CLANG_WARN_INT_CONVERSION = YES;
				CLANG_WARN_NON_LITERAL_NULL_CONVERSION = YES;
				CLANG_WARN_OBJC_IMPLICIT_RETAIN_SELF = YES;
				CLANG_WARN_OBJC_LITERAL_CONVERSION = YES;
				CLANG_WARN_OBJC_ROOT_CLASS = YES_ERROR;
				CLANG_WARN_RANGE_LOOP_ANALYSIS = YES;
				CLANG_WARN_STRICT_PROTOTYPES = YES;
				CLANG_WARN_SUSPICIOUS_MOVE = YES;
				CLANG_WARN_UNGUARDED_AVAILABILITY = YES_AGGRESSIVE;
				CLANG_WARN_UNREACHABLE_CODE = YES;
				CLANG_WARN__DUPLICATE_METHOD_MATCH = YES;
				COPY_PHASE_STRIP = NO;
				DEBUG_INFORMATION_FORMAT = "dwarf-with-dsym";
				ENABLE_NS_ASSERTIONS = NO;
				ENABLE_STRICT_OBJC_MSGSEND = YES;
				GCC_C_LANGUAGE_STANDARD = gnu11;
				GCC_NO_COMMON_BLOCKS = YES;
				GCC_WARN_64_TO_32_BIT_CONVERSION = YES;
				GCC_WARN_ABOUT_RETURN_TYPE = YES_ERROR;
				GCC_WARN_UNDECLARED_SELECTOR = YES;
				GCC_WARN_UNINITIALIZED_AUTOS = YES_AGGRESSIVE;
				GCC_WARN_UNUSED_FUNCTION = YES;
				GCC_WARN_UNUSED_VARIABLE = YES;
				IPHONEOS_DEPLOYMENT_TARGET = 13.6;
				MTL_ENABLE_DEBUG_INFO = NO;
				MTL_FAST_MATH = YES;
				SDKROOT = iphoneos;
				SWIFT_COMPILATION_MODE = wholemodule;
				SWIFT_OPTIMIZATION_LEVEL = "-O";
				VALIDATE_PRODUCT = YES;
			};
			name = Release;
		};
		84E122A524F7289500C37C57 /* Debug */ = {
			isa = XCBuildConfiguration;
			buildSettings = {
				ASSETCATALOG_COMPILER_APPICON_NAME = AppIcon;
				CODE_SIGN_STYLE = Automatic;
				DEVELOPMENT_TEAM = YV7R9K2K52;
				INFOPLIST_FILE = "Code-Challange-Mykhailo/Info.plist";
				LD_RUNPATH_SEARCH_PATHS = (
					"$(inherited)",
					"@executable_path/Frameworks",
				);
				PRODUCT_BUNDLE_IDENTIFIER = "com.herasimov.Code-Challange-Mykhailo";
				PRODUCT_NAME = "$(TARGET_NAME)";
				SWIFT_VERSION = 5.0;
				TARGETED_DEVICE_FAMILY = "1,2";
			};
			name = Debug;
		};
		84E122A624F7289500C37C57 /* Release */ = {
			isa = XCBuildConfiguration;
			buildSettings = {
				ASSETCATALOG_COMPILER_APPICON_NAME = AppIcon;
				CODE_SIGN_STYLE = Automatic;
				DEVELOPMENT_TEAM = YV7R9K2K52;
				INFOPLIST_FILE = "Code-Challange-Mykhailo/Info.plist";
				LD_RUNPATH_SEARCH_PATHS = (
					"$(inherited)",
					"@executable_path/Frameworks",
				);
				PRODUCT_BUNDLE_IDENTIFIER = "com.herasimov.Code-Challange-Mykhailo";
				PRODUCT_NAME = "$(TARGET_NAME)";
				SWIFT_VERSION = 5.0;
				TARGETED_DEVICE_FAMILY = "1,2";
			};
			name = Release;
		};
		84E122A824F7289500C37C57 /* Debug */ = {
			isa = XCBuildConfiguration;
			buildSettings = {
				ALWAYS_EMBED_SWIFT_STANDARD_LIBRARIES = YES;
				BUNDLE_LOADER = "$(TEST_HOST)";
				CODE_SIGN_STYLE = Automatic;
				DEVELOPMENT_TEAM = YV7R9K2K52;
				INFOPLIST_FILE = "Code-Challange-MykhailoTests/Info.plist";
				IPHONEOS_DEPLOYMENT_TARGET = 13.6;
				LD_RUNPATH_SEARCH_PATHS = (
					"$(inherited)",
					"@executable_path/Frameworks",
					"@loader_path/Frameworks",
				);
				PRODUCT_BUNDLE_IDENTIFIER = "com.herasimov.Code-Challange-MykhailoTests";
				PRODUCT_NAME = "$(TARGET_NAME)";
				SWIFT_VERSION = 5.0;
				TARGETED_DEVICE_FAMILY = "1,2";
				TEST_HOST = "$(BUILT_PRODUCTS_DIR)/Code-Challange-Mykhailo.app/Code-Challange-Mykhailo";
			};
			name = Debug;
		};
		84E122A924F7289500C37C57 /* Release */ = {
			isa = XCBuildConfiguration;
			buildSettings = {
				ALWAYS_EMBED_SWIFT_STANDARD_LIBRARIES = YES;
				BUNDLE_LOADER = "$(TEST_HOST)";
				CODE_SIGN_STYLE = Automatic;
				DEVELOPMENT_TEAM = YV7R9K2K52;
				INFOPLIST_FILE = "Code-Challange-MykhailoTests/Info.plist";
				IPHONEOS_DEPLOYMENT_TARGET = 13.6;
				LD_RUNPATH_SEARCH_PATHS = (
					"$(inherited)",
					"@executable_path/Frameworks",
					"@loader_path/Frameworks",
				);
				PRODUCT_BUNDLE_IDENTIFIER = "com.herasimov.Code-Challange-MykhailoTests";
				PRODUCT_NAME = "$(TARGET_NAME)";
				SWIFT_VERSION = 5.0;
				TARGETED_DEVICE_FAMILY = "1,2";
				TEST_HOST = "$(BUILT_PRODUCTS_DIR)/Code-Challange-Mykhailo.app/Code-Challange-Mykhailo";
			};
			name = Release;
		};
		84E122AB24F7289500C37C57 /* Debug */ = {
			isa = XCBuildConfiguration;
			buildSettings = {
				ALWAYS_EMBED_SWIFT_STANDARD_LIBRARIES = YES;
				CODE_SIGN_STYLE = Automatic;
				DEVELOPMENT_TEAM = YV7R9K2K52;
				INFOPLIST_FILE = "Code-Challange-MykhailoUITests/Info.plist";
				LD_RUNPATH_SEARCH_PATHS = (
					"$(inherited)",
					"@executable_path/Frameworks",
					"@loader_path/Frameworks",
				);
				PRODUCT_BUNDLE_IDENTIFIER = "com.herasimov.Code-Challange-MykhailoUITests";
				PRODUCT_NAME = "$(TARGET_NAME)";
				SWIFT_VERSION = 5.0;
				TARGETED_DEVICE_FAMILY = "1,2";
				TEST_TARGET_NAME = "Code-Challange-Mykhailo";
			};
			name = Debug;
		};
		84E122AC24F7289500C37C57 /* Release */ = {
			isa = XCBuildConfiguration;
			buildSettings = {
				ALWAYS_EMBED_SWIFT_STANDARD_LIBRARIES = YES;
				CODE_SIGN_STYLE = Automatic;
				DEVELOPMENT_TEAM = YV7R9K2K52;
				INFOPLIST_FILE = "Code-Challange-MykhailoUITests/Info.plist";
				LD_RUNPATH_SEARCH_PATHS = (
					"$(inherited)",
					"@executable_path/Frameworks",
					"@loader_path/Frameworks",
				);
				PRODUCT_BUNDLE_IDENTIFIER = "com.herasimov.Code-Challange-MykhailoUITests";
				PRODUCT_NAME = "$(TARGET_NAME)";
				SWIFT_VERSION = 5.0;
				TARGETED_DEVICE_FAMILY = "1,2";
				TEST_TARGET_NAME = "Code-Challange-Mykhailo";
			};
			name = Release;
		};
/* End XCBuildConfiguration section */

/* Begin XCConfigurationList section */
		84E1227524F7289200C37C57 /* Build configuration list for PBXProject "Code-Challange-Mykhailo" */ = {
			isa = XCConfigurationList;
			buildConfigurations = (
				84E122A224F7289500C37C57 /* Debug */,
				84E122A324F7289500C37C57 /* Release */,
			);
			defaultConfigurationIsVisible = 0;
			defaultConfigurationName = Release;
		};
		84E122A424F7289500C37C57 /* Build configuration list for PBXNativeTarget "Code-Challange-Mykhailo" */ = {
			isa = XCConfigurationList;
			buildConfigurations = (
				84E122A524F7289500C37C57 /* Debug */,
				84E122A624F7289500C37C57 /* Release */,
			);
			defaultConfigurationIsVisible = 0;
			defaultConfigurationName = Release;
		};
		84E122A724F7289500C37C57 /* Build configuration list for PBXNativeTarget "Code-Challange-MykhailoTests" */ = {
			isa = XCConfigurationList;
			buildConfigurations = (
				84E122A824F7289500C37C57 /* Debug */,
				84E122A924F7289500C37C57 /* Release */,
			);
			defaultConfigurationIsVisible = 0;
			defaultConfigurationName = Release;
		};
		84E122AA24F7289500C37C57 /* Build configuration list for PBXNativeTarget "Code-Challange-MykhailoUITests" */ = {
			isa = XCConfigurationList;
			buildConfigurations = (
				84E122AB24F7289500C37C57 /* Debug */,
				84E122AC24F7289500C37C57 /* Release */,
			);
			defaultConfigurationIsVisible = 0;
			defaultConfigurationName = Release;
		};
/* End XCConfigurationList section */

/* Begin XCRemoteSwiftPackageReference section */
		84176B3D24FAB001005EF341 /* XCRemoteSwiftPackageReference "IQKeyboardManager" */ = {
			isa = XCRemoteSwiftPackageReference;
			repositoryURL = "https://github.com/hackiftekhar/IQKeyboardManager.git";
			requirement = {
				kind = upToNextMajorVersion;
				minimumVersion = 6.5.6;
			};
		};
/* End XCRemoteSwiftPackageReference section */

/* Begin XCSwiftPackageProductDependency section */
		84176B3E24FAB001005EF341 /* IQKeyboardManagerSwift */ = {
			isa = XCSwiftPackageProductDependency;
			package = 84176B3D24FAB001005EF341 /* XCRemoteSwiftPackageReference "IQKeyboardManager" */;
			productName = IQKeyboardManagerSwift;
		};
/* End XCSwiftPackageProductDependency section */
	};
	rootObject = 84E1227224F7289200C37C57 /* Project object */;
}
